
Microsoft Visual Studio Solution File, Format Version 12.00
# Visual Studio 15
VisualStudioVersion = 15.0.27428.2015
MinimumVisualStudioVersion = 10.0.40219.1
Project("{FAE04EC0-301F-11D3-BF4B-00C04F79EFBC}") = "SMPe", "SMPe\SMPe.csproj", "{A9EE77E2-534B-4232-8DE0-A4934384870F}"
EndProject
Global
	GlobalSection(SolutionConfigurationPlatforms) = preSolution
		Debug|Any CPU = Debug|Any CPU
		Release|Any CPU = Release|Any CPU
	EndGlobalSection
	GlobalSection(ProjectConfigurationPlatforms) = postSolution
		{A9EE77E2-534B-4232-8DE0-A4934384870F}.Debug|Any CPU.ActiveCfg = Debug|Any CPU
		{A9EE77E2-534B-4232-8DE0-A4934384870F}.Debug|Any CPU.Build.0 = Debug|Any CPU
		{A9EE77E2-534B-4232-8DE0-A4934384870F}.Release|Any CPU.ActiveCfg = Release|Any CPU
		{A9EE77E2-534B-4232-8DE0-A4934384870F}.Release|Any CPU.Build.0 = Release|Any CPU
	EndGlobalSection
	GlobalSection(SolutionProperties) = preSolution
		HideSolutionNode = FALSE
	EndGlobalSection
	GlobalSection(ExtensibilityGlobals) = postSolution
		SolutionGuid = {23494F7E-29B0-478F-A041-866F0318097B}
	EndGlobalSection
EndGlobal
